
Microsoft Visual Studio Solution File, Format Version 12.00
# Visual Studio Version 16
VisualStudioVersion = 16.0.29209.62
MinimumVisualStudioVersion = 10.0.40219.1
Project("{9A19103F-16F7-4668-BE54-9A1E7A4F7556}") = "CoreTestApp", "TestWebApp\CoreTestApp.csproj", "{E21F8159-5461-4AA5-881C-48FE30B66492}"
EndProject
Project("{FAE04EC0-301F-11D3-BF4B-00C04F79EFBC}") = "WebApp", "WebApp\WebApp.csproj", "{3ED77E8A-5B85-421C-B47F-5EDC7D0F32CF}"
EndProject
Global
	GlobalSection(SolutionConfigurationPlatforms) = preSolution
		Debug|Any CPU = Debug|Any CPU
		Release|Any CPU = Release|Any CPU
	EndGlobalSection
	GlobalSection(ProjectConfigurationPlatforms) = postSolution
		{E21F8159-5461-4AA5-881C-48FE30B66492}.Debug|Any CPU.ActiveCfg = Debug|Any CPU
		{E21F8159-5461-4AA5-881C-48FE30B66492}.Debug|Any CPU.Build.0 = Debug|Any CPU
		{E21F8159-5461-4AA5-881C-48FE30B66492}.Release|Any CPU.ActiveCfg = Release|Any CPU
		{E21F8159-5461-4AA5-881C-48FE30B66492}.Release|Any CPU.Build.0 = Release|Any CPU
		{3ED77E8A-5B85-421C-B47F-5EDC7D0F32CF}.Debug|Any CPU.ActiveCfg = Debug|Any CPU
		{3ED77E8A-5B85-421C-B47F-5EDC7D0F32CF}.Debug|Any CPU.Build.0 = Debug|Any CPU
		{3ED77E8A-5B85-421C-B47F-5EDC7D0F32CF}.Release|Any CPU.ActiveCfg = Release|Any CPU
		{3ED77E8A-5B85-421C-B47F-5EDC7D0F32CF}.Release|Any CPU.Build.0 = Release|Any CPU
	EndGlobalSection
	GlobalSection(SolutionProperties) = preSolution
		HideSolutionNode = FALSE
	EndGlobalSection
	GlobalSection(ExtensibilityGlobals) = postSolution
		SolutionGuid = {78762F7A-F537-4878-B066-15C974D0ECEC}
	EndGlobalSection
EndGlobal
